// !$*UTF8*$!
{
	archiveVersion = 1;
	classes = {
	};
	objectVersion = 51;
	objects = {

/* Begin PBXBuildFile section */
		1E748E5C289CAF9C00A1EEC2 /* AppDelegate.m in Sources */ = {isa = PBXBuildFile; fileRef = 1E748E5B289CAF9C00A1EEC2 /* AppDelegate.m */; };
		1E748E62289CAF9C00A1EEC2 /* ViewController.m in Sources */ = {isa = PBXBuildFile; fileRef = 1E748E61289CAF9C00A1EEC2 /* ViewController.m */; };
		1E748E65289CAF9C00A1EEC2 /* Main.storyboard in Resources */ = {isa = PBXBuildFile; fileRef = 1E748E63289CAF9C00A1EEC2 /* Main.storyboard */; };
		1E748E67289CAF9D00A1EEC2 /* Assets.xcassets in Resources */ = {isa = PBXBuildFile; fileRef = 1E748E66289CAF9D00A1EEC2 /* Assets.xcassets */; };
		1E748E6A289CAF9D00A1EEC2 /* LaunchScreen.storyboard in Resources */ = {isa = PBXBuildFile; fileRef = 1E748E68289CAF9D00A1EEC2 /* LaunchScreen.storyboard */; };
		1E748E6D289CAF9D00A1EEC2 /* main.m in Sources */ = {isa = PBXBuildFile; fileRef = 1E748E6C289CAF9D00A1EEC2 /* main.m */; };
		1EB7846C2A25D48C00D6F74D /* HTEffect.bundle in Resources */ = {isa = PBXBuildFile; fileRef = 1EB7846A2A25D48C00D6F74D /* HTEffect.bundle */; };
		1EB7846E2A25D4A600D6F74D /* HTEffect.framework in Frameworks */ = {isa = PBXBuildFile; fileRef = 1EB7846B2A25D48C00D6F74D /* HTEffect.framework */; };
		1EB7846F2A25D4A600D6F74D /* HTEffect.framework in Embed Frameworks */ = {isa = PBXBuildFile; fileRef = 1EB7846B2A25D48C00D6F74D /* HTEffect.framework */; settings = {ATTRIBUTES = (CodeSignOnCopy, RemoveHeadersOnCopy, ); }; };
		1EFC4E0B2A284A4000BEF599 /* AgoraHTEffectExtension.framework in Frameworks */ = {isa = PBXBuildFile; fileRef = 1EFC4E0A2A284A3F00BEF599 /* AgoraHTEffectExtension.framework */; };
		1EFC4E0C2A284A4000BEF599 /* AgoraHTEffectExtension.framework in Embed Frameworks */ = {isa = PBXBuildFile; fileRef = 1EFC4E0A2A284A3F00BEF599 /* AgoraHTEffectExtension.framework */; settings = {ATTRIBUTES = (CodeSignOnCopy, RemoveHeadersOnCopy, ); }; };
		DF948A6AD3E06E005A496327 /* Pods_ExtensionExample.framework in Frameworks */ = {isa = PBXBuildFile; fileRef = 7B94B2F98DD81169A5827965 /* Pods_ExtensionExample.framework */; };
/* End PBXBuildFile section */

/* Begin PBXCopyFilesBuildPhase section */
		1EEA21A328A2398D00F089F6 /* Embed Frameworks */ = {
			isa = PBXCopyFilesBuildPhase;
			buildActionMask = 2147483647;
			dstPath = "";
			dstSubfolderSpec = 10;
			files = (
				1EFC4E0C2A284A4000BEF599 /* AgoraHTEffectExtension.framework in Embed Frameworks */,
				1EB7846F2A25D4A600D6F74D /* HTEffect.framework in Embed Frameworks */,
			);
			name = "Embed Frameworks";
			runOnlyForDeploymentPostprocessing = 0;
		};
/* End PBXCopyFilesBuildPhase section */

/* Begin PBXFileReference section */
		1A48322F412C7794050F28AB /* Pods-ExtensionExample.debug.xcconfig */ = {isa = PBXFileReference; includeInIndex = 1; lastKnownFileType = text.xcconfig; name = "Pods-ExtensionExample.debug.xcconfig"; path = "Target Support Files/Pods-ExtensionExample/Pods-ExtensionExample.debug.xcconfig"; sourceTree = "<group>"; };
		1E2C736E2A25C93A00E322C8 /* AgoraHTEffectExtension.framework */ = {isa = PBXFileReference; explicitFileType = wrapper.framework; path = AgoraHTEffectExtension.framework; sourceTree = BUILT_PRODUCTS_DIR; };
		1E2C73722A25D22600E322C8 /* HTEffect.bundle */ = {isa = PBXFileReference; lastKnownFileType = "wrapper.plug-in"; name = HTEffect.bundle; path = ../HTEffectDemo/HTEffectDemo/HTEffect/HTEffect.bundle; sourceTree = "<group>"; };
		1E2C73732A25D22600E322C8 /* HTEffect.framework */ = {isa = PBXFileReference; lastKnownFileType = wrapper.framework; name = HTEffect.framework; path = ../HTEffectDemo/HTEffectDemo/HTEffect/HTEffect.framework; sourceTree = "<group>"; };
		1E748E57289CAF9C00A1EEC2 /* ExtensionExample.app */ = {isa = PBXFileReference; explicitFileType = wrapper.application; includeInIndex = 0; path = ExtensionExample.app; sourceTree = BUILT_PRODUCTS_DIR; };
		1E748E5A289CAF9C00A1EEC2 /* AppDelegate.h */ = {isa = PBXFileReference; lastKnownFileType = sourcecode.c.h; path = AppDelegate.h; sourceTree = "<group>"; };
		1E748E5B289CAF9C00A1EEC2 /* AppDelegate.m */ = {isa = PBXFileReference; lastKnownFileType = sourcecode.c.objc; path = AppDelegate.m; sourceTree = "<group>"; };
		1E748E60289CAF9C00A1EEC2 /* ViewController.h */ = {isa = PBXFileReference; lastKnownFileType = sourcecode.c.h; path = ViewController.h; sourceTree = "<group>"; };
		1E748E61289CAF9C00A1EEC2 /* ViewController.m */ = {isa = PBXFileReference; lastKnownFileType = sourcecode.c.objc; path = ViewController.m; sourceTree = "<group>"; };
		1E748E64289CAF9C00A1EEC2 /* Base */ = {isa = PBXFileReference; lastKnownFileType = file.storyboard; name = Base; path = Base.lproj/Main.storyboard; sourceTree = "<group>"; };
		1E748E66289CAF9D00A1EEC2 /* Assets.xcassets */ = {isa = PBXFileReference; lastKnownFileType = folder.assetcatalog; path = Assets.xcassets; sourceTree = "<group>"; };
		1E748E69289CAF9D00A1EEC2 /* Base */ = {isa = PBXFileReference; lastKnownFileType = file.storyboard; name = Base; path = Base.lproj/LaunchScreen.storyboard; sourceTree = "<group>"; };
		1E748E6B289CAF9D00A1EEC2 /* Info.plist */ = {isa = PBXFileReference; lastKnownFileType = text.plist.xml; path = Info.plist; sourceTree = "<group>"; };
		1E748E6C289CAF9D00A1EEC2 /* main.m */ = {isa = PBXFileReference; lastKnownFileType = sourcecode.c.objc; path = main.m; sourceTree = "<group>"; };
		1E9B935F289D07DD00B68006 /* Config.h */ = {isa = PBXFileReference; lastKnownFileType = sourcecode.c.h; path = Config.h; sourceTree = "<group>"; };
		1EB7846A2A25D48C00D6F74D /* HTEffect.bundle */ = {isa = PBXFileReference; lastKnownFileType = "wrapper.plug-in"; path = HTEffect.bundle; sourceTree = "<group>"; };
		1EB7846B2A25D48C00D6F74D /* HTEffect.framework */ = {isa = PBXFileReference; lastKnownFileType = wrapper.framework; path = HTEffect.framework; sourceTree = "<group>"; };
		1EC14B1628AB82CD0003ADD1 /* HTKey.h */ = {isa = PBXFileReference; lastKnownFileType = sourcecode.c.h; path = HTKey.h; sourceTree = "<group>"; };
		1EFC4E0A2A284A3F00BEF599 /* AgoraHTEffectExtension.framework */ = {isa = PBXFileReference; lastKnownFileType = wrapper.framework; name = AgoraHTEffectExtension.framework; path = ExtensionExample/AgoraHTEffectExtension.framework; sourceTree = "<group>"; };
		435BF5B76BB7555C660C45C8 /* Pods-ExtensionExample.release.xcconfig */ = {isa = PBXFileReference; includeInIndex = 1; lastKnownFileType = text.xcconfig; name = "Pods-ExtensionExample.release.xcconfig"; path = "Target Support Files/Pods-ExtensionExample/Pods-ExtensionExample.release.xcconfig"; sourceTree = "<group>"; };
		7B94B2F98DD81169A5827965 /* Pods_ExtensionExample.framework */ = {isa = PBXFileReference; explicitFileType = wrapper.framework; includeInIndex = 0; path = Pods_ExtensionExample.framework; sourceTree = BUILT_PRODUCTS_DIR; };
/* End PBXFileReference section */

/* Begin PBXFrameworksBuildPhase section */
		1E748E54289CAF9C00A1EEC2 /* Frameworks */ = {
			isa = PBXFrameworksBuildPhase;
			buildActionMask = 2147483647;
			files = (
				1EB7846E2A25D4A600D6F74D /* HTEffect.framework in Frameworks */,
				1EFC4E0B2A284A4000BEF599 /* AgoraHTEffectExtension.framework in Frameworks */,
				DF948A6AD3E06E005A496327 /* Pods_ExtensionExample.framework in Frameworks */,
			);
			runOnlyForDeploymentPostprocessing = 0;
		};
/* End PBXFrameworksBuildPhase section */

/* Begin PBXGroup section */
		1E748E4E289CAF9C00A1EEC2 = {
			isa = PBXGroup;
			children = (
				1E748E59289CAF9C00A1EEC2 /* ExtensionExample */,
				1E748E58289CAF9C00A1EEC2 /* Products */,
				E7CA68C2EECB0B8852C450F2 /* Frameworks */,
				9B018B1B94616B4FA2E8CE4F /* Pods */,
			);
			sourceTree = "<group>";
		};
		1E748E58289CAF9C00A1EEC2 /* Products */ = {
			isa = PBXGroup;
			children = (
				1E748E57289CAF9C00A1EEC2 /* ExtensionExample.app */,
			);
			name = Products;
			sourceTree = "<group>";
		};
		1E748E59289CAF9C00A1EEC2 /* ExtensionExample */ = {
			isa = PBXGroup;
			children = (
				1EB7846A2A25D48C00D6F74D /* HTEffect.bundle */,
				1EB7846B2A25D48C00D6F74D /* HTEffect.framework */,
				1E748E5A289CAF9C00A1EEC2 /* AppDelegate.h */,
				1E748E5B289CAF9C00A1EEC2 /* AppDelegate.m */,
				1E748E60289CAF9C00A1EEC2 /* ViewController.h */,
				1E748E61289CAF9C00A1EEC2 /* ViewController.m */,
				1E748E63289CAF9C00A1EEC2 /* Main.storyboard */,
				1E748E66289CAF9D00A1EEC2 /* Assets.xcassets */,
				1E748E68289CAF9D00A1EEC2 /* LaunchScreen.storyboard */,
				1E748E6B289CAF9D00A1EEC2 /* Info.plist */,
				1E748E6C289CAF9D00A1EEC2 /* main.m */,
				1E9B935F289D07DD00B68006 /* Config.h */,
				1EC14B1628AB82CD0003ADD1 /* HTKey.h */,
			);
			path = ExtensionExample;
			sourceTree = "<group>";
		};
		9B018B1B94616B4FA2E8CE4F /* Pods */ = {
			isa = PBXGroup;
			children = (
				1A48322F412C7794050F28AB /* Pods-ExtensionExample.debug.xcconfig */,
				435BF5B76BB7555C660C45C8 /* Pods-ExtensionExample.release.xcconfig */,
			);
			path = Pods;
			sourceTree = "<group>";
		};
		E7CA68C2EECB0B8852C450F2 /* Frameworks */ = {
			isa = PBXGroup;
			children = (
				1EFC4E0A2A284A3F00BEF599 /* AgoraHTEffectExtension.framework */,
				1E2C73722A25D22600E322C8 /* HTEffect.bundle */,
				1E2C73732A25D22600E322C8 /* HTEffect.framework */,
				1E2C736E2A25C93A00E322C8 /* AgoraHTEffectExtension.framework */,
				7B94B2F98DD81169A5827965 /* Pods_ExtensionExample.framework */,
			);
			name = Frameworks;
			sourceTree = "<group>";
		};
/* End PBXGroup section */

/* Begin PBXNativeTarget section */
		1E748E56289CAF9C00A1EEC2 /* ExtensionExample */ = {
			isa = PBXNativeTarget;
			buildConfigurationList = 1E748E70289CAF9D00A1EEC2 /* Build configuration list for PBXNativeTarget "ExtensionExample" */;
			buildPhases = (
				AAA170F4B3D69274E1BD3548 /* [CP] Check Pods Manifest.lock */,
				1E748E53289CAF9C00A1EEC2 /* Sources */,
				1E748E54289CAF9C00A1EEC2 /* Frameworks */,
				1E748E55289CAF9C00A1EEC2 /* Resources */,
				6050106C8113BF4CD40CD171 /* [CP] Embed Pods Frameworks */,
				1EEA21A328A2398D00F089F6 /* Embed Frameworks */,
			);
			buildRules = (
			);
			dependencies = (
			);
			name = ExtensionExample;
			productName = ExtensionExample;
			productReference = 1E748E57289CAF9C00A1EEC2 /* ExtensionExample.app */;
			productType = "com.apple.product-type.application";
		};
/* End PBXNativeTarget section */

/* Begin PBXProject section */
		1E748E4F289CAF9C00A1EEC2 /* Project object */ = {
			isa = PBXProject;
			attributes = {
				LastUpgradeCheck = 1340;
				TargetAttributes = {
					1E748E56289CAF9C00A1EEC2 = {
						CreatedOnToolsVersion = 13.4.1;
					};
				};
			};
			buildConfigurationList = 1E748E52289CAF9C00A1EEC2 /* Build configuration list for PBXProject "ExtensionExample" */;
			compatibilityVersion = "Xcode 10.0";
			developmentRegion = en;
			hasScannedForEncodings = 0;
			knownRegions = (
				en,
				Base,
			);
			mainGroup = 1E748E4E289CAF9C00A1EEC2;
			productRefGroup = 1E748E58289CAF9C00A1EEC2 /* Products */;
			projectDirPath = "";
			projectRoot = "";
			targets = (
				1E748E56289CAF9C00A1EEC2 /* ExtensionExample */,
			);
		};
/* End PBXProject section */

/* Begin PBXResourcesBuildPhase section */
		1E748E55289CAF9C00A1EEC2 /* Resources */ = {
			isa = PBXResourcesBuildPhase;
			buildActionMask = 2147483647;
			files = (
				1EB7846C2A25D48C00D6F74D /* HTEffect.bundle in Resources */,
				1E748E6A289CAF9D00A1EEC2 /* LaunchScreen.storyboard in Resources */,
				1E748E67289CAF9D00A1EEC2 /* Assets.xcassets in Resources */,
				1E748E65289CAF9C00A1EEC2 /* Main.storyboard in Resources */,
			);
			runOnlyForDeploymentPostprocessing = 0;
		};
/* End PBXResourcesBuildPhase section */

/* Begin PBXShellScriptBuildPhase section */
		6050106C8113BF4CD40CD171 /* [CP] Embed Pods Frameworks */ = {
			isa = PBXShellScriptBuildPhase;
			buildActionMask = 2147483647;
			files = (
			);
			inputFileListPaths = (
				"${PODS_ROOT}/Target Support Files/Pods-ExtensionExample/Pods-ExtensionExample-frameworks-${CONFIGURATION}-input-files.xcfilelist",
			);
			name = "[CP] Embed Pods Frameworks";
			outputFileListPaths = (
				"${PODS_ROOT}/Target Support Files/Pods-ExtensionExample/Pods-ExtensionExample-frameworks-${CONFIGURATION}-output-files.xcfilelist",
			);
			runOnlyForDeploymentPostprocessing = 0;
			shellPath = /bin/sh;
			shellScript = "\"${PODS_ROOT}/Target Support Files/Pods-ExtensionExample/Pods-ExtensionExample-frameworks.sh\"\n";
			showEnvVarsInLog = 0;
		};
		AAA170F4B3D69274E1BD3548 /* [CP] Check Pods Manifest.lock */ = {
			isa = PBXShellScriptBuildPhase;
			buildActionMask = 2147483647;
			files = (
			);
			inputFileListPaths = (
			);
			inputPaths = (
				"${PODS_PODFILE_DIR_PATH}/Podfile.lock",
				"${PODS_ROOT}/Manifest.lock",
			);
			name = "[CP] Check Pods Manifest.lock";
			outputFileListPaths = (
			);
			outputPaths = (
				"$(DERIVED_FILE_DIR)/Pods-ExtensionExample-checkManifestLockResult.txt",
			);
			runOnlyForDeploymentPostprocessing = 0;
			shellPath = /bin/sh;
			shellScript = "diff \"${PODS_PODFILE_DIR_PATH}/Podfile.lock\" \"${PODS_ROOT}/Manifest.lock\" > /dev/null\nif [ $? != 0 ] ; then\n    # print error to STDERR\n    echo \"error: The sandbox is not in sync with the Podfile.lock. Run 'pod install' or update your CocoaPods installation.\" >&2\n    exit 1\nfi\n# This output is used by Xcode 'outputs' to avoid re-running this script phase.\necho \"SUCCESS\" > \"${SCRIPT_OUTPUT_FILE_0}\"\n";
			showEnvVarsInLog = 0;
		};
/* End PBXShellScriptBuildPhase section */

/* Begin PBXSourcesBuildPhase section */
		1E748E53289CAF9C00A1EEC2 /* Sources */ = {
			isa = PBXSourcesBuildPhase;
			buildActionMask = 2147483647;
			files = (
				1E748E62289CAF9C00A1EEC2 /* ViewController.m in Sources */,
				1E748E5C289CAF9C00A1EEC2 /* AppDelegate.m in Sources */,
				1E748E6D289CAF9D00A1EEC2 /* main.m in Sources */,
			);
			runOnlyForDeploymentPostprocessing = 0;
		};
/* End PBXSourcesBuildPhase section */

/* Begin PBXVariantGroup section */
		1E748E63289CAF9C00A1EEC2 /* Main.storyboard */ = {
			isa = PBXVariantGroup;
			children = (
				1E748E64289CAF9C00A1EEC2 /* Base */,
			);
			name = Main.storyboard;
			sourceTree = "<group>";
		};
		1E748E68289CAF9D00A1EEC2 /* LaunchScreen.storyboard */ = {
			isa = PBXVariantGroup;
			children = (
				1E748E69289CAF9D00A1EEC2 /* Base */,
			);
			name = LaunchScreen.storyboard;
			sourceTree = "<group>";
		};
/* End PBXVariantGroup section */

/* Begin XCBuildConfiguration section */
		1E748E6E289CAF9D00A1EEC2 /* Debug */ = {
			isa = XCBuildConfiguration;
			buildSettings = {
				ALWAYS_SEARCH_USER_PATHS = NO;
				CLANG_ANALYZER_NONNULL = YES;
				CLANG_ANALYZER_NUMBER_OBJECT_CONVERSION = YES_AGGRESSIVE;
				CLANG_CXX_LANGUAGE_STANDARD = "gnu++17";
				CLANG_ENABLE_MODULES = YES;
				CLANG_ENABLE_OBJC_ARC = YES;
				CLANG_ENABLE_OBJC_WEAK = YES;
				CLANG_WARN_BLOCK_CAPTURE_AUTORELEASING = YES;
				CLANG_WARN_BOOL_CONVERSION = YES;
				CLANG_WARN_COMMA = YES;
				CLANG_WARN_CONSTANT_CONVERSION = YES;
				CLANG_WARN_DEPRECATED_OBJC_IMPLEMENTATIONS = YES;
				CLANG_WARN_DIRECT_OBJC_ISA_USAGE = YES_ERROR;
				CLANG_WARN_DOCUMENTATION_COMMENTS = YES;
				CLANG_WARN_EMPTY_BODY = YES;
				CLANG_WARN_ENUM_CONVERSION = YES;
				CLANG_WARN_INFINITE_RECURSION = YES;
				CLANG_WARN_INT_CONVERSION = YES;
				CLANG_WARN_NON_LITERAL_NULL_CONVERSION = YES;
				CLANG_WARN_OBJC_IMPLICIT_RETAIN_SELF = YES;
				CLANG_WARN_OBJC_LITERAL_CONVERSION = YES;
				CLANG_WARN_OBJC_ROOT_CLASS = YES_ERROR;
				CLANG_WARN_QUOTED_INCLUDE_IN_FRAMEWORK_HEADER = YES;
				CLANG_WARN_RANGE_LOOP_ANALYSIS = YES;
				CLANG_WARN_STRICT_PROTOTYPES = YES;
				CLANG_WARN_SUSPICIOUS_MOVE = YES;
				CLANG_WARN_UNGUARDED_AVAILABILITY = YES_AGGRESSIVE;
				CLANG_WARN_UNREACHABLE_CODE = YES;
				CLANG_WARN__DUPLICATE_METHOD_MATCH = YES;
				COPY_PHASE_STRIP = NO;
				DEBUG_INFORMATION_FORMAT = dwarf;
				ENABLE_STRICT_OBJC_MSGSEND = YES;
				ENABLE_TESTABILITY = YES;
				GCC_C_LANGUAGE_STANDARD = gnu11;
				GCC_DYNAMIC_NO_PIC = NO;
				GCC_NO_COMMON_BLOCKS = YES;
				GCC_OPTIMIZATION_LEVEL = 0;
				GCC_PREPROCESSOR_DEFINITIONS = (
					"DEBUG=1",
					"$(inherited)",
				);
				GCC_WARN_64_TO_32_BIT_CONVERSION = YES;
				GCC_WARN_ABOUT_RETURN_TYPE = YES_ERROR;
				GCC_WARN_UNDECLARED_SELECTOR = YES;
				GCC_WARN_UNINITIALIZED_AUTOS = YES_AGGRESSIVE;
				GCC_WARN_UNUSED_FUNCTION = YES;
				GCC_WARN_UNUSED_VARIABLE = YES;
				IPHONEOS_DEPLOYMENT_TARGET = 15.5;
				MTL_ENABLE_DEBUG_INFO = INCLUDE_SOURCE;
				MTL_FAST_MATH = YES;
				ONLY_ACTIVE_ARCH = YES;
				SDKROOT = iphoneos;
			};
			name = Debug;
		};
		1E748E6F289CAF9D00A1EEC2 /* Release */ = {
			isa = XCBuildConfiguration;
			buildSettings = {
				ALWAYS_SEARCH_USER_PATHS = NO;
				CLANG_ANALYZER_NONNULL = YES;
				CLANG_ANALYZER_NUMBER_OBJECT_CONVERSION = YES_AGGRESSIVE;
				CLANG_CXX_LANGUAGE_STANDARD = "gnu++17";
				CLANG_ENABLE_MODULES = YES;
				CLANG_ENABLE_OBJC_ARC = YES;
				CLANG_ENABLE_OBJC_WEAK = YES;
				CLANG_WARN_BLOCK_CAPTURE_AUTORELEASING = YES;
				CLANG_WARN_BOOL_CONVERSION = YES;
				CLANG_WARN_COMMA = YES;
				CLANG_WARN_CONSTANT_CONVERSION = YES;
				CLANG_WARN_DEPRECATED_OBJC_IMPLEMENTATIONS = YES;
				CLANG_WARN_DIRECT_OBJC_ISA_USAGE = YES_ERROR;
				CLANG_WARN_DOCUMENTATION_COMMENTS = YES;
				CLANG_WARN_EMPTY_BODY = YES;
				CLANG_WARN_ENUM_CONVERSION = YES;
				CLANG_WARN_INFINITE_RECURSION = YES;
				CLANG_WARN_INT_CONVERSION = YES;
				CLANG_WARN_NON_LITERAL_NULL_CONVERSION = YES;
				CLANG_WARN_OBJC_IMPLICIT_RETAIN_SELF = YES;
				CLANG_WARN_OBJC_LITERAL_CONVERSION = YES;
				CLANG_WARN_OBJC_ROOT_CLASS = YES_ERROR;
				CLANG_WARN_QUOTED_INCLUDE_IN_FRAMEWORK_HEADER = YES;
				CLANG_WARN_RANGE_LOOP_ANALYSIS = YES;
				CLANG_WARN_STRICT_PROTOTYPES = YES;
				CLANG_WARN_SUSPICIOUS_MOVE = YES;
				CLANG_WARN_UNGUARDED_AVAILABILITY = YES_AGGRESSIVE;
				CLANG_WARN_UNREACHABLE_CODE = YES;
				CLANG_WARN__DUPLICATE_METHOD_MATCH = YES;
				COPY_PHASE_STRIP = NO;
				DEBUG_INFORMATION_FORMAT = "dwarf-with-dsym";
				ENABLE_NS_ASSERTIONS = NO;
				ENABLE_STRICT_OBJC_MSGSEND = YES;
				GCC_C_LANGUAGE_STANDARD = gnu11;
				GCC_NO_COMMON_BLOCKS = YES;
				GCC_WARN_64_TO_32_BIT_CONVERSION = YES;
				GCC_WARN_ABOUT_RETURN_TYPE = YES_ERROR;
				GCC_WARN_UNDECLARED_SELECTOR = YES;
				GCC_WARN_UNINITIALIZED_AUTOS = YES_AGGRESSIVE;
				GCC_WARN_UNUSED_FUNCTION = YES;
				GCC_WARN_UNUSED_VARIABLE = YES;
				IPHONEOS_DEPLOYMENT_TARGET = 15.5;
				MTL_ENABLE_DEBUG_INFO = NO;
				MTL_FAST_MATH = YES;
				SDKROOT = iphoneos;
				VALIDATE_PRODUCT = YES;
			};
			name = Release;
		};
		1E748E71289CAF9D00A1EEC2 /* Debug */ = {
			isa = XCBuildConfiguration;
			baseConfigurationReference = 1A48322F412C7794050F28AB /* Pods-ExtensionExample.debug.xcconfig */;
			buildSettings = {
				ASSETCATALOG_COMPILER_APPICON_NAME = AppIcon;
				ASSETCATALOG_COMPILER_GLOBAL_ACCENT_COLOR_NAME = AccentColor;
				CODE_SIGN_STYLE = Automatic;
				CURRENT_PROJECT_VERSION = 1;
				DEVELOPMENT_TEAM = 2825F93942;
				ENABLE_BITCODE = NO;
				FRAMEWORK_SEARCH_PATHS = (
					"$(inherited)",
					"$(PROJECT_DIR)/ExtensionExample",
				);
				GENERATE_INFOPLIST_FILE = YES;
				INFOPLIST_FILE = ExtensionExample/Info.plist;
				INFOPLIST_KEY_CFBundleDisplayName = ExtensionExample;
				INFOPLIST_KEY_NSCameraUsageDescription = "App需要你的同意，才能访问相机";
				INFOPLIST_KEY_NSMicrophoneUsageDescription = "App需要你的同意，才能访问麦克风";
				INFOPLIST_KEY_UIApplicationSupportsIndirectInputEvents = YES;
				INFOPLIST_KEY_UILaunchStoryboardName = LaunchScreen;
				INFOPLIST_KEY_UIMainStoryboardFile = Main;
				INFOPLIST_KEY_UISupportedInterfaceOrientations = UIInterfaceOrientationPortrait;
				INFOPLIST_KEY_UISupportedInterfaceOrientations_iPad = "UIInterfaceOrientationPortrait UIInterfaceOrientationPortraitUpsideDown UIInterfaceOrientationLandscapeLeft UIInterfaceOrientationLandscapeRight";
				INFOPLIST_KEY_UISupportedInterfaceOrientations_iPhone = "UIInterfaceOrientationPortrait UIInterfaceOrientationLandscapeLeft UIInterfaceOrientationLandscapeRight";
				IPHONEOS_DEPLOYMENT_TARGET = 10.0;
				LD_RUNPATH_SEARCH_PATHS = (
					"$(inherited)",
					"@executable_path/Frameworks",
				);
				MARKETING_VERSION = 1.0;
				PRODUCT_BUNDLE_IDENTIFIER = io.agora.rte.extension.hteffect;
				PRODUCT_NAME = "$(TARGET_NAME)";
				SWIFT_EMIT_LOC_STRINGS = YES;
				TARGETED_DEVICE_FAMILY = "1,2";
			};
			name = Debug;
		};
		1E748E72289CAF9D00A1EEC2 /* Release */ = {
			isa = XCBuildConfiguration;
			baseConfigurationReference = 435BF5B76BB7555C660C45C8 /* Pods-ExtensionExample.release.xcconfig */;
			buildSettings = {
				ASSETCATALOG_COMPILER_APPICON_NAME = AppIcon;
				ASSETCATALOG_COMPILER_GLOBAL_ACCENT_COLOR_NAME = AccentColor;
				CODE_SIGN_STYLE = Automatic;
				CURRENT_PROJECT_VERSION = 1;
				DEVELOPMENT_TEAM = 2825F93942;
				ENABLE_BITCODE = NO;
				FRAMEWORK_SEARCH_PATHS = (
					"$(inherited)",
					"$(PROJECT_DIR)/ExtensionExample",
				);
				GENERATE_INFOPLIST_FILE = YES;
				INFOPLIST_FILE = ExtensionExample/Info.plist;
				INFOPLIST_KEY_CFBundleDisplayName = ExtensionExample;
				INFOPLIST_KEY_NSCameraUsageDescription = "App需要你的同意，才能访问相机";
				INFOPLIST_KEY_NSMicrophoneUsageDescription = "App需要你的同意，才能访问麦克风";
				INFOPLIST_KEY_UIApplicationSupportsIndirectInputEvents = YES;
				INFOPLIST_KEY_UILaunchStoryboardName = LaunchScreen;
				INFOPLIST_KEY_UIMainStoryboardFile = Main;
				INFOPLIST_KEY_UISupportedInterfaceOrientations = UIInterfaceOrientationPortrait;
				INFOPLIST_KEY_UISupportedInterfaceOrientations_iPad = "UIInterfaceOrientationPortrait UIInterfaceOrientationPortraitUpsideDown UIInterfaceOrientationLandscapeLeft UIInterfaceOrientationLandscapeRight";
				INFOPLIST_KEY_UISupportedInterfaceOrientations_iPhone = "UIInterfaceOrientationPortrait UIInterfaceOrientationLandscapeLeft UIInterfaceOrientationLandscapeRight";
				IPHONEOS_DEPLOYMENT_TARGET = 10.0;
				LD_RUNPATH_SEARCH_PATHS = (
					"$(inherited)",
					"@executable_path/Frameworks",
				);
				MARKETING_VERSION = 1.0;
				PRODUCT_BUNDLE_IDENTIFIER = io.agora.rte.extension.hteffect;
				PRODUCT_NAME = "$(TARGET_NAME)";
				SWIFT_EMIT_LOC_STRINGS = YES;
				TARGETED_DEVICE_FAMILY = "1,2";
			};
			name = Release;
		};
/* End XCBuildConfiguration section */

/* Begin XCConfigurationList section */
		1E748E52289CAF9C00A1EEC2 /* Build configuration list for PBXProject "ExtensionExample" */ = {
			isa = XCConfigurationList;
			buildConfigurations = (
				1E748E6E289CAF9D00A1EEC2 /* Debug */,
				1E748E6F289CAF9D00A1EEC2 /* Release */,
			);
			defaultConfigurationIsVisible = 0;
			defaultConfigurationName = Release;
		};
		1E748E70289CAF9D00A1EEC2 /* Build configuration list for PBXNativeTarget "ExtensionExample" */ = {
			isa = XCConfigurationList;
			buildConfigurations = (
				1E748E71289CAF9D00A1EEC2 /* Debug */,
				1E748E72289CAF9D00A1EEC2 /* Release */,
			);
			defaultConfigurationIsVisible = 0;
			defaultConfigurationName = Release;
		};
/* End XCConfigurationList section */
	};
	rootObject = 1E748E4F289CAF9C00A1EEC2 /* Project object */;
}
